<?xml version="1.0" encoding="UTF-8"?>
<CodeBlocks_project_file>
	<FileVersion major="1" minor="6"/>
	<Project>
		<Option title="CTello"/>
		<Option makefile_is_custom="1"/>
		<Option compiler="gcc"/>
		<Option virtualFolders="CMake Files\;CMake Files\..\;CMake Files\..\..\;CMake Files\..\..\..\;CMake Files\..\..\..\usr\;CMake Files\..\..\..\usr\local\;CMake Files\..\..\..\usr\local\lib\;CMake Files\..\..\..\usr\local\lib\cmake\;CMake Files\..\..\..\usr\local\lib\cmake\spdlog\;"/>
		<Build>
			<Target title="all">
				<Option working_dir="/home/rbdstudent/ctello"/>
				<Option type="4"/>
				<MakeCommands>
					<Build command="/usr/bin/make -f &quot;/home/rbdstudent/ctello/Makefile&quot;  VERBOSE=1 all"/>
					<CompileFile command="/usr/bin/make -f &quot;/home/rbdstudent/ctello/Makefile&quot;  VERBOSE=1 &quot;$file&quot;"/>
					<Clean command="/usr/bin/make -f &quot;/home/rbdstudent/ctello/Makefile&quot;  VERBOSE=1 clean"/>
					<DistClean command="/usr/bin/make -f &quot;/home/rbdstudent/ctello/Makefile&quot;  VERBOSE=1 clean"/>
				</MakeCommands>
			</Target>
			<Target title="install/strip">
				<Option working_dir="/home/rbdstudent/ctello"/>
				<Option type="4"/>
				<MakeCommands>
					<Build command="/usr/bin/make -f &quot;/home/rbdstudent/ctello/Makefile&quot;  VERBOSE=1 install/strip"/>
					<CompileFile command="/usr/bin/make -f &quot;/home/rbdstudent/ctello/Makefile&quot;  VERBOSE=1 &quot;$file&quot;"/>
					<Clean command="/usr/bin/make -f &quot;/home/rbdstudent/ctello/Makefile&quot;  VERBOSE=1 clean"/>
					<DistClean command="/usr/bin/make -f &quot;/home/rbdstudent/ctello/Makefile&quot;  VERBOSE=1 clean"/>
				</MakeCommands>
			</Target>
			<Target title="install/local">
				<Option working_dir="/home/rbdstudent/ctello"/>
				<Option type="4"/>
				<MakeCommands>
					<Build command="/usr/bin/make -f &quot;/home/rbdstudent/ctello/Makefile&quot;  VERBOSE=1 install/local"/>
					<CompileFile command="/usr/bin/make -f &quot;/home/rbdstudent/ctello/Makefile&quot;  VERBOSE=1 &quot;$file&quot;"/>
					<Clean command="/usr/bin/make -f &quot;/home/rbdstudent/ctello/Makefile&quot;  VERBOSE=1 clean"/>
					<DistClean command="/usr/bin/make -f &quot;/home/rbdstudent/ctello/Makefile&quot;  VERBOSE=1 clean"/>
				</MakeCommands>
			</Target>
			<Target title="ctello">
				<Option output="/home/rbdstudent/ctello/libctello.a" prefix_auto="0" extension_auto="0"/>
				<Option working_dir="/home/rbdstudent/ctello"/>
				<Option object_output="./"/>
				<Option type="2"/>
				<Option compiler="gcc"/>
				<Compiler>
					<Add option="-DSPDLOG_SHARED_LIB"/>
					<Add option="-DFMT_SHARED"/>
					<Add option="-DSPDLOG_COMPILED_LIB"/>
					<Add directory="/home/rbdstudent/ctello/include"/>
				</Compiler>
				<MakeCommands>
					<Build command="/usr/bin/make -f &quot;/home/rbdstudent/ctello/Makefile&quot;  VERBOSE=1 ctello"/>
					<CompileFile command="/usr/bin/make -f &quot;/home/rbdstudent/ctello/Makefile&quot;  VERBOSE=1 &quot;$file&quot;"/>
					<Clean command="/usr/bin/make -f &quot;/home/rbdstudent/ctello/Makefile&quot;  VERBOSE=1 clean"/>
					<DistClean command="/usr/bin/make -f &quot;/home/rbdstudent/ctello/Makefile&quot;  VERBOSE=1 clean"/>
				</MakeCommands>
			</Target>
			<Target title="ctello/fast">
				<Option output="/home/rbdstudent/ctello/libctello.a" prefix_auto="0" extension_auto="0"/>
				<Option working_dir="/home/rbdstudent/ctello"/>
				<Option object_output="./"/>
				<Option type="2"/>
				<Option compiler="gcc"/>
				<Compiler>
					<Add option="-DSPDLOG_SHARED_LIB"/>
					<Add option="-DFMT_SHARED"/>
					<Add option="-DSPDLOG_COMPILED_LIB"/>
					<Add directory="/home/rbdstudent/ctello/include"/>
				</Compiler>
				<MakeCommands>
					<Build command="/usr/bin/make -f &quot;/home/rbdstudent/ctello/Makefile&quot;  VERBOSE=1 ctello/fast"/>
					<CompileFile command="/usr/bin/make -f &quot;/home/rbdstudent/ctello/Makefile&quot;  VERBOSE=1 &quot;$file&quot;"/>
					<Clean command="/usr/bin/make -f &quot;/home/rbdstudent/ctello/Makefile&quot;  VERBOSE=1 clean"/>
					<DistClean command="/usr/bin/make -f &quot;/home/rbdstudent/ctello/Makefile&quot;  VERBOSE=1 clean"/>
				</MakeCommands>
			</Target>
			<Target title="rebuild_cache">
				<Option working_dir="/home/rbdstudent/ctello"/>
				<Option type="4"/>
				<MakeCommands>
					<Build command="/usr/bin/make -f &quot;/home/rbdstudent/ctello/Makefile&quot;  VERBOSE=1 rebuild_cache"/>
					<CompileFile command="/usr/bin/make -f &quot;/home/rbdstudent/ctello/Makefile&quot;  VERBOSE=1 &quot;$file&quot;"/>
					<Clean command="/usr/bin/make -f &quot;/home/rbdstudent/ctello/Makefile&quot;  VERBOSE=1 clean"/>
					<DistClean command="/usr/bin/make -f &quot;/home/rbdstudent/ctello/Makefile&quot;  VERBOSE=1 clean"/>
				</MakeCommands>
			</Target>
			<Target title="edit_cache">
				<Option working_dir="/home/rbdstudent/ctello"/>
				<Option type="4"/>
				<MakeCommands>
					<Build command="/usr/bin/make -f &quot;/home/rbdstudent/ctello/Makefile&quot;  VERBOSE=1 edit_cache"/>
					<CompileFile command="/usr/bin/make -f &quot;/home/rbdstudent/ctello/Makefile&quot;  VERBOSE=1 &quot;$file&quot;"/>
					<Clean command="/usr/bin/make -f &quot;/home/rbdstudent/ctello/Makefile&quot;  VERBOSE=1 clean"/>
					<DistClean command="/usr/bin/make -f &quot;/home/rbdstudent/ctello/Makefile&quot;  VERBOSE=1 clean"/>
				</MakeCommands>
			</Target>
			<Target title="install">
				<Option working_dir="/home/rbdstudent/ctello"/>
				<Option type="4"/>
				<MakeCommands>
					<Build command="/usr/bin/make -f &quot;/home/rbdstudent/ctello/Makefile&quot;  VERBOSE=1 install"/>
					<CompileFile command="/usr/bin/make -f &quot;/home/rbdstudent/ctello/Makefile&quot;  VERBOSE=1 &quot;$file&quot;"/>
					<Clean command="/usr/bin/make -f &quot;/home/rbdstudent/ctello/Makefile&quot;  VERBOSE=1 clean"/>
					<DistClean command="/usr/bin/make -f &quot;/home/rbdstudent/ctello/Makefile&quot;  VERBOSE=1 clean"/>
				</MakeCommands>
			</Target>
			<Target title="list_install_components">
				<Option working_dir="/home/rbdstudent/ctello"/>
				<Option type="4"/>
				<MakeCommands>
					<Build command="/usr/bin/make -f &quot;/home/rbdstudent/ctello/Makefile&quot;  VERBOSE=1 list_install_components"/>
					<CompileFile command="/usr/bin/make -f &quot;/home/rbdstudent/ctello/Makefile&quot;  VERBOSE=1 &quot;$file&quot;"/>
					<Clean command="/usr/bin/make -f &quot;/home/rbdstudent/ctello/Makefile&quot;  VERBOSE=1 clean"/>
					<DistClean command="/usr/bin/make -f &quot;/home/rbdstudent/ctello/Makefile&quot;  VERBOSE=1 clean"/>
				</MakeCommands>
			</Target>
		</Build>
		<Unit filename="/home/rbdstudent/ctello/src/ctello.cpp">
			<Option target="ctello"/>
		</Unit>
		<Unit filename="/home/rbdstudent/ctello/CMakeLists.txt">
			<Option virtualFolder="CMake Files\"/>
		</Unit>
		<Unit filename="/home/rbdstudent/ctello/../../../usr/local/lib/cmake/spdlog/spdlogConfig.cmake">
			<Option virtualFolder="CMake Files\..\..\..\usr\local\lib\cmake\spdlog\"/>
		</Unit>
		<Unit filename="/home/rbdstudent/ctello/../../../usr/local/lib/cmake/spdlog/spdlogConfigTargets-release.cmake">
			<Option virtualFolder="CMake Files\..\..\..\usr\local\lib\cmake\spdlog\"/>
		</Unit>
		<Unit filename="/home/rbdstudent/ctello/../../../usr/local/lib/cmake/spdlog/spdlogConfigTargets.cmake">
			<Option virtualFolder="CMake Files\..\..\..\usr\local\lib\cmake\spdlog\"/>
		</Unit>
		<Unit filename="/home/rbdstudent/ctello/../../../usr/local/lib/cmake/spdlog/spdlogConfigVersion.cmake">
			<Option virtualFolder="CMake Files\..\..\..\usr\local\lib\cmake\spdlog\"/>
		</Unit>
	</Project>
</CodeBlocks_project_file>
